
Microsoft Visual Studio Solution File, Format Version 12.00
# Visual Studio Version 16
VisualStudioVersion = 16.0.31410.357
MinimumVisualStudioVersion = 10.0.40219.1
Project("{9A19103F-16F7-4668-BE54-9A1E7A4F7556}") = "KittensApi", "KittensApi.csproj", "{4ED993F6-2664-4C8D-A571-1F3378027482}"
EndProject
Project("{FAE04EC0-301F-11D3-BF4B-00C04F79EFBC}") = "Migrations", "..\Migrations\Migrations.csproj", "{B5E78786-D37A-4BF6-9314-13AB7E991813}"
EndProject
Project("{FAE04EC0-301F-11D3-BF4B-00C04F79EFBC}") = "DataLayer", "..\DataLayer\DataLayer.csproj", "{3929C2C5-BD6A-4C68-858A-4493C9C4E94F}"
EndProject
Global
	GlobalSection(SolutionConfigurationPlatforms) = preSolution
		Debug|Any CPU = Debug|Any CPU
		Release|Any CPU = Release|Any CPU
	EndGlobalSection
	GlobalSection(ProjectConfigurationPlatforms) = postSolution
		{4ED993F6-2664-4C8D-A571-1F3378027482}.Debug|Any CPU.ActiveCfg = Debug|Any CPU
		{4ED993F6-2664-4C8D-A571-1F3378027482}.Debug|Any CPU.Build.0 = Debug|Any CPU
		{4ED993F6-2664-4C8D-A571-1F3378027482}.Release|Any CPU.ActiveCfg = Release|Any CPU
		{4ED993F6-2664-4C8D-A571-1F3378027482}.Release|Any CPU.Build.0 = Release|Any CPU
		{B5E78786-D37A-4BF6-9314-13AB7E991813}.Debug|Any CPU.ActiveCfg = Debug|Any CPU
		{B5E78786-D37A-4BF6-9314-13AB7E991813}.Debug|Any CPU.Build.0 = Debug|Any CPU
		{B5E78786-D37A-4BF6-9314-13AB7E991813}.Release|Any CPU.ActiveCfg = Release|Any CPU
		{B5E78786-D37A-4BF6-9314-13AB7E991813}.Release|Any CPU.Build.0 = Release|Any CPU
		{3929C2C5-BD6A-4C68-858A-4493C9C4E94F}.Debug|Any CPU.ActiveCfg = Debug|Any CPU
		{3929C2C5-BD6A-4C68-858A-4493C9C4E94F}.Debug|Any CPU.Build.0 = Debug|Any CPU
		{3929C2C5-BD6A-4C68-858A-4493C9C4E94F}.Release|Any CPU.ActiveCfg = Release|Any CPU
		{3929C2C5-BD6A-4C68-858A-4493C9C4E94F}.Release|Any CPU.Build.0 = Release|Any CPU
	EndGlobalSection
	GlobalSection(SolutionProperties) = preSolution
		HideSolutionNode = FALSE
	EndGlobalSection
	GlobalSection(ExtensibilityGlobals) = postSolution
		SolutionGuid = {2B8F4C7E-0C7B-4A95-9247-E3AD3E22A785}
	EndGlobalSection
EndGlobal
